
Microsoft Visual Studio Solution File, Format Version 12.00
# Visual Studio Version 17
VisualStudioVersion = 17.7.34031.279
MinimumVisualStudioVersion = 10.0.40219.1
Project("{9A19103F-16F7-4668-BE54-9A1E7A4F7556}") = "Zad1", "Zad1\Zad1.csproj", "{0F4A4050-AC29-48F1-9887-FF493BCD0852}"
EndProject
Project("{9A19103F-16F7-4668-BE54-9A1E7A4F7556}") = "Zad2", "Zad2\Zad2.csproj", "{EC5F78C9-83B5-4400-A761-B4A2E81F6484}"
EndProject
Project("{9A19103F-16F7-4668-BE54-9A1E7A4F7556}") = "Zad4", "Zad4\Zad4.csproj", "{DEAD7EA7-2667-462A-9DCC-BDBEB1BACC18}"
EndProject
Project("{FAE04EC0-301F-11D3-BF4B-00C04F79EFBC}") = "Zad3", "Zad3\Zad3.csproj", "{43A5285C-7F7A-4891-BD78-8931F6AAE89D}"
EndProject
Global
	GlobalSection(SolutionConfigurationPlatforms) = preSolution
		Debug|Any CPU = Debug|Any CPU
		Release|Any CPU = Release|Any CPU
	EndGlobalSection
	GlobalSection(ProjectConfigurationPlatforms) = postSolution
		{0F4A4050-AC29-48F1-9887-FF493BCD0852}.Debug|Any CPU.ActiveCfg = Debug|Any CPU
		{0F4A4050-AC29-48F1-9887-FF493BCD0852}.Debug|Any CPU.Build.0 = Debug|Any CPU
		{0F4A4050-AC29-48F1-9887-FF493BCD0852}.Release|Any CPU.ActiveCfg = Release|Any CPU
		{0F4A4050-AC29-48F1-9887-FF493BCD0852}.Release|Any CPU.Build.0 = Release|Any CPU
		{EC5F78C9-83B5-4400-A761-B4A2E81F6484}.Debug|Any CPU.ActiveCfg = Debug|Any CPU
		{EC5F78C9-83B5-4400-A761-B4A2E81F6484}.Debug|Any CPU.Build.0 = Debug|Any CPU
		{EC5F78C9-83B5-4400-A761-B4A2E81F6484}.Release|Any CPU.ActiveCfg = Release|Any CPU
		{EC5F78C9-83B5-4400-A761-B4A2E81F6484}.Release|Any CPU.Build.0 = Release|Any CPU
		{DEAD7EA7-2667-462A-9DCC-BDBEB1BACC18}.Debug|Any CPU.ActiveCfg = Debug|Any CPU
		{DEAD7EA7-2667-462A-9DCC-BDBEB1BACC18}.Debug|Any CPU.Build.0 = Debug|Any CPU
		{DEAD7EA7-2667-462A-9DCC-BDBEB1BACC18}.Release|Any CPU.ActiveCfg = Release|Any CPU
		{DEAD7EA7-2667-462A-9DCC-BDBEB1BACC18}.Release|Any CPU.Build.0 = Release|Any CPU
		{43A5285C-7F7A-4891-BD78-8931F6AAE89D}.Debug|Any CPU.ActiveCfg = Debug|Any CPU
		{43A5285C-7F7A-4891-BD78-8931F6AAE89D}.Debug|Any CPU.Build.0 = Debug|Any CPU
		{43A5285C-7F7A-4891-BD78-8931F6AAE89D}.Release|Any CPU.ActiveCfg = Release|Any CPU
		{43A5285C-7F7A-4891-BD78-8931F6AAE89D}.Release|Any CPU.Build.0 = Release|Any CPU
	EndGlobalSection
	GlobalSection(SolutionProperties) = preSolution
		HideSolutionNode = FALSE
	EndGlobalSection
	GlobalSection(ExtensibilityGlobals) = postSolution
		SolutionGuid = {A89C4722-7DA6-47D9-B791-E029E0D3B438}
	EndGlobalSection
EndGlobal
